// !$*UTF8*$!
{
	archiveVersion = 1;
	classes = {
	};
	objectVersion = 50;
	objects = {

/* Begin PBXBuildFile section */
		87429CB42588E85B005BDD7A /* AppDelegate.swift in Sources */ = {isa = PBXBuildFile; fileRef = 87429CB32588E85B005BDD7A /* AppDelegate.swift */; };
		87429CB62588E85B005BDD7A /* SceneDelegate.swift in Sources */ = {isa = PBXBuildFile; fileRef = 87429CB52588E85B005BDD7A /* SceneDelegate.swift */; };
		87429CB82588E85B005BDD7A /* ViewController.swift in Sources */ = {isa = PBXBuildFile; fileRef = 87429CB72588E85B005BDD7A /* ViewController.swift */; };
		87429CBB2588E85C005BDD7A /* Main.storyboard in Resources */ = {isa = PBXBuildFile; fileRef = 87429CB92588E85C005BDD7A /* Main.storyboard */; };
		87429CBD2588E861005BDD7A /* Assets.xcassets in Resources */ = {isa = PBXBuildFile; fileRef = 87429CBC2588E861005BDD7A /* Assets.xcassets */; };
		87429CC02588E861005BDD7A /* LaunchScreen.storyboard in Resources */ = {isa = PBXBuildFile; fileRef = 87429CBE2588E861005BDD7A /* LaunchScreen.storyboard */; };
		87429CCB2588E862005BDD7A /* TicTacToeTests.swift in Sources */ = {isa = PBXBuildFile; fileRef = 87429CCA2588E862005BDD7A /* TicTacToeTests.swift */; };
		87429CD62588E862005BDD7A /* TicTacToeUITests.swift in Sources */ = {isa = PBXBuildFile; fileRef = 87429CD52588E862005BDD7A /* TicTacToeUITests.swift */; };
/* End PBXBuildFile section */

/* Begin PBXContainerItemProxy section */
		87429CC72588E862005BDD7A /* PBXContainerItemProxy */ = {
			isa = PBXContainerItemProxy;
			containerPortal = 87429CA82588E85B005BDD7A /* Project object */;
			proxyType = 1;
			remoteGlobalIDString = 87429CAF2588E85B005BDD7A;
			remoteInfo = TicTacToe;
		};
		87429CD22588E862005BDD7A /* PBXContainerItemProxy */ = {
			isa = PBXContainerItemProxy;
			containerPortal = 87429CA82588E85B005BDD7A /* Project object */;
			proxyType = 1;
			remoteGlobalIDString = 87429CAF2588E85B005BDD7A;
			remoteInfo = TicTacToe;
		};
/* End PBXContainerItemProxy section */

/* Begin PBXFileReference section */
		87429CB02588E85B005BDD7A /* TicTacToe.app */ = {isa = PBXFileReference; explicitFileType = wrapper.application; includeInIndex = 0; path = TicTacToe.app; sourceTree = BUILT_PRODUCTS_DIR; };
		87429CB32588E85B005BDD7A /* AppDelegate.swift */ = {isa = PBXFileReference; lastKnownFileType = sourcecode.swift; path = AppDelegate.swift; sourceTree = "<group>"; };
		87429CB52588E85B005BDD7A /* SceneDelegate.swift */ = {isa = PBXFileReference; lastKnownFileType = sourcecode.swift; path = SceneDelegate.swift; sourceTree = "<group>"; };
		87429CB72588E85B005BDD7A /* ViewController.swift */ = {isa = PBXFileReference; lastKnownFileType = sourcecode.swift; path = ViewController.swift; sourceTree = "<group>"; };
		87429CBA2588E85C005BDD7A /* Base */ = {isa = PBXFileReference; lastKnownFileType = file.storyboard; name = Base; path = Base.lproj/Main.storyboard; sourceTree = "<group>"; };
		87429CBC2588E861005BDD7A /* Assets.xcassets */ = {isa = PBXFileReference; lastKnownFileType = folder.assetcatalog; path = Assets.xcassets; sourceTree = "<group>"; };
		87429CBF2588E861005BDD7A /* Base */ = {isa = PBXFileReference; lastKnownFileType = file.storyboard; name = Base; path = Base.lproj/LaunchScreen.storyboard; sourceTree = "<group>"; };
		87429CC12588E861005BDD7A /* Info.plist */ = {isa = PBXFileReference; lastKnownFileType = text.plist.xml; path = Info.plist; sourceTree = "<group>"; };
		87429CC62588E862005BDD7A /* TicTacToeTests.xctest */ = {isa = PBXFileReference; explicitFileType = wrapper.cfbundle; includeInIndex = 0; path = TicTacToeTests.xctest; sourceTree = BUILT_PRODUCTS_DIR; };
		87429CCA2588E862005BDD7A /* TicTacToeTests.swift */ = {isa = PBXFileReference; lastKnownFileType = sourcecode.swift; path = TicTacToeTests.swift; sourceTree = "<group>"; };
		87429CCC2588E862005BDD7A /* Info.plist */ = {isa = PBXFileReference; lastKnownFileType = text.plist.xml; path = Info.plist; sourceTree = "<group>"; };
		87429CD12588E862005BDD7A /* TicTacToeUITests.xctest */ = {isa = PBXFileReference; explicitFileType = wrapper.cfbundle; includeInIndex = 0; path = TicTacToeUITests.xctest; sourceTree = BUILT_PRODUCTS_DIR; };
		87429CD52588E862005BDD7A /* TicTacToeUITests.swift */ = {isa = PBXFileReference; lastKnownFileType = sourcecode.swift; path = TicTacToeUITests.swift; sourceTree = "<group>"; };
		87429CD72588E862005BDD7A /* Info.plist */ = {isa = PBXFileReference; lastKnownFileType = text.plist.xml; path = Info.plist; sourceTree = "<group>"; };
/* End PBXFileReference section */

/* Begin PBXFrameworksBuildPhase section */
		87429CAD2588E85B005BDD7A /* Frameworks */ = {
			isa = PBXFrameworksBuildPhase;
			buildActionMask = 2147483647;
			files = (
			);
			runOnlyForDeploymentPostprocessing = 0;
		};
		87429CC32588E862005BDD7A /* Frameworks */ = {
			isa = PBXFrameworksBuildPhase;
			buildActionMask = 2147483647;
			files = (
			);
			runOnlyForDeploymentPostprocessing = 0;
		};
		87429CCE2588E862005BDD7A /* Frameworks */ = {
			isa = PBXFrameworksBuildPhase;
			buildActionMask = 2147483647;
			files = (
			);
			runOnlyForDeploymentPostprocessing = 0;
		};
/* End PBXFrameworksBuildPhase section */

/* Begin PBXGroup section */
		87429CA72588E85B005BDD7A = {
			isa = PBXGroup;
			children = (
				87429CB22588E85B005BDD7A /* TicTacToe */,
				87429CC92588E862005BDD7A /* TicTacToeTests */,
				87429CD42588E862005BDD7A /* TicTacToeUITests */,
				87429CB12588E85B005BDD7A /* Products */,
			);
			sourceTree = "<group>";
		};
		87429CB12588E85B005BDD7A /* Products */ = {
			isa = PBXGroup;
			children = (
				87429CB02588E85B005BDD7A /* TicTacToe.app */,
				87429CC62588E862005BDD7A /* TicTacToeTests.xctest */,
				87429CD12588E862005BDD7A /* TicTacToeUITests.xctest */,
			);
			name = Products;
			sourceTree = "<group>";
		};
		87429CB22588E85B005BDD7A /* TicTacToe */ = {
			isa = PBXGroup;
			children = (
				87429CB32588E85B005BDD7A /* AppDelegate.swift */,
				87429CB52588E85B005BDD7A /* SceneDelegate.swift */,
				87429CB72588E85B005BDD7A /* ViewController.swift */,
				87429CB92588E85C005BDD7A /* Main.storyboard */,
				87429CBC2588E861005BDD7A /* Assets.xcassets */,
				87429CBE2588E861005BDD7A /* LaunchScreen.storyboard */,
				87429CC12588E861005BDD7A /* Info.plist */,
			);
			path = TicTacToe;
			sourceTree = "<group>";
		};
		87429CC92588E862005BDD7A /* TicTacToeTests */ = {
			isa = PBXGroup;
			children = (
				87429CCA2588E862005BDD7A /* TicTacToeTests.swift */,
				87429CCC2588E862005BDD7A /* Info.plist */,
			);
			path = TicTacToeTests;
			sourceTree = "<group>";
		};
		87429CD42588E862005BDD7A /* TicTacToeUITests */ = {
			isa = PBXGroup;
			children = (
				87429CD52588E862005BDD7A /* TicTacToeUITests.swift */,
				87429CD72588E862005BDD7A /* Info.plist */,
			);
			path = TicTacToeUITests;
			sourceTree = "<group>";
		};
/* End PBXGroup section */

/* Begin PBXNativeTarget section */
		87429CAF2588E85B005BDD7A /* TicTacToe */ = {
			isa = PBXNativeTarget;
			buildConfigurationList = 87429CDA2588E862005BDD7A /* Build configuration list for PBXNativeTarget "TicTacToe" */;
			buildPhases = (
				87429CAC2588E85B005BDD7A /* Sources */,
				87429CAD2588E85B005BDD7A /* Frameworks */,
				87429CAE2588E85B005BDD7A /* Resources */,
			);
			buildRules = (
			);
			dependencies = (
			);
			name = TicTacToe;
			productName = TicTacToe;
			productReference = 87429CB02588E85B005BDD7A /* TicTacToe.app */;
			productType = "com.apple.product-type.application";
		};
		87429CC52588E862005BDD7A /* TicTacToeTests */ = {
			isa = PBXNativeTarget;
			buildConfigurationList = 87429CDD2588E862005BDD7A /* Build configuration list for PBXNativeTarget "TicTacToeTests" */;
			buildPhases = (
				87429CC22588E862005BDD7A /* Sources */,
				87429CC32588E862005BDD7A /* Frameworks */,
				87429CC42588E862005BDD7A /* Resources */,
			);
			buildRules = (
			);
			dependencies = (
				87429CC82588E862005BDD7A /* PBXTargetDependency */,
			);
			name = TicTacToeTests;
			productName = TicTacToeTests;
			productReference = 87429CC62588E862005BDD7A /* TicTacToeTests.xctest */;
			productType = "com.apple.product-type.bundle.unit-test";
		};
		87429CD02588E862005BDD7A /* TicTacToeUITests */ = {
			isa = PBXNativeTarget;
			buildConfigurationList = 87429CE02588E862005BDD7A /* Build configuration list for PBXNativeTarget "TicTacToeUITests" */;
			buildPhases = (
				87429CCD2588E862005BDD7A /* Sources */,
				87429CCE2588E862005BDD7A /* Frameworks */,
				87429CCF2588E862005BDD7A /* Resources */,
			);
			buildRules = (
			);
			dependencies = (
				87429CD32588E862005BDD7A /* PBXTargetDependency */,
			);
			name = TicTacToeUITests;
			productName = TicTacToeUITests;
			productReference = 87429CD12588E862005BDD7A /* TicTacToeUITests.xctest */;
			productType = "com.apple.product-type.bundle.ui-testing";
		};
/* End PBXNativeTarget section */

/* Begin PBXProject section */
		87429CA82588E85B005BDD7A /* Project object */ = {
			isa = PBXProject;
			attributes = {
				LastSwiftUpdateCheck = 1220;
				LastUpgradeCheck = 1220;
				TargetAttributes = {
					87429CAF2588E85B005BDD7A = {
						CreatedOnToolsVersion = 12.2;
					};
					87429CC52588E862005BDD7A = {
						CreatedOnToolsVersion = 12.2;
						TestTargetID = 87429CAF2588E85B005BDD7A;
					};
					87429CD02588E862005BDD7A = {
						CreatedOnToolsVersion = 12.2;
						TestTargetID = 87429CAF2588E85B005BDD7A;
					};
				};
			};
			buildConfigurationList = 87429CAB2588E85B005BDD7A /* Build configuration list for PBXProject "TicTacToe" */;
			compatibilityVersion = "Xcode 9.3";
			developmentRegion = en;
			hasScannedForEncodings = 0;
			knownRegions = (
				en,
				Base,
			);
			mainGroup = 87429CA72588E85B005BDD7A;
			productRefGroup = 87429CB12588E85B005BDD7A /* Products */;
			projectDirPath = "";
			projectRoot = "";
			targets = (
				87429CAF2588E85B005BDD7A /* TicTacToe */,
				87429CC52588E862005BDD7A /* TicTacToeTests */,
				87429CD02588E862005BDD7A /* TicTacToeUITests */,
			);
		};
/* End PBXProject section */

/* Begin PBXResourcesBuildPhase section */
		87429CAE2588E85B005BDD7A /* Resources */ = {
			isa = PBXResourcesBuildPhase;
			buildActionMask = 2147483647;
			files = (
				87429CC02588E861005BDD7A /* LaunchScreen.storyboard in Resources */,
				87429CBD2588E861005BDD7A /* Assets.xcassets in Resources */,
				87429CBB2588E85C005BDD7A /* Main.storyboard in Resources */,
			);
			runOnlyForDeploymentPostprocessing = 0;
		};
		87429CC42588E862005BDD7A /* Resources */ = {
			isa = PBXResourcesBuildPhase;
			buildActionMask = 2147483647;
			files = (
			);
			runOnlyForDeploymentPostprocessing = 0;
		};
		87429CCF2588E862005BDD7A /* Resources */ = {
			isa = PBXResourcesBuildPhase;
			buildActionMask = 2147483647;
			files = (
			);
			runOnlyForDeploymentPostprocessing = 0;
		};
/* End PBXResourcesBuildPhase section */

/* Begin PBXSourcesBuildPhase section */
		87429CAC2588E85B005BDD7A /* Sources */ = {
			isa = PBXSourcesBuildPhase;
			buildActionMask = 2147483647;
			files = (
				87429CB82588E85B005BDD7A /* ViewController.swift in Sources */,
				87429CB42588E85B005BDD7A /* AppDelegate.swift in Sources */,
				87429CB62588E85B005BDD7A /* SceneDelegate.swift in Sources */,
			);
			runOnlyForDeploymentPostprocessing = 0;
		};
		87429CC22588E862005BDD7A /* Sources */ = {
			isa = PBXSourcesBuildPhase;
			buildActionMask = 2147483647;
			files = (
				87429CCB2588E862005BDD7A /* TicTacToeTests.swift in Sources */,
			);
			runOnlyForDeploymentPostprocessing = 0;
		};
		87429CCD2588E862005BDD7A /* Sources */ = {
			isa = PBXSourcesBuildPhase;
			buildActionMask = 2147483647;
			files = (
				87429CD62588E862005BDD7A /* TicTacToeUITests.swift in Sources */,
			);
			runOnlyForDeploymentPostprocessing = 0;
		};
/* End PBXSourcesBuildPhase section */

/* Begin PBXTargetDependency section */
		87429CC82588E862005BDD7A /* PBXTargetDependency */ = {
			isa = PBXTargetDependency;
			target = 87429CAF2588E85B005BDD7A /* TicTacToe */;
			targetProxy = 87429CC72588E862005BDD7A /* PBXContainerItemProxy */;
		};
		87429CD32588E862005BDD7A /* PBXTargetDependency */ = {
			isa = PBXTargetDependency;
			target = 87429CAF2588E85B005BDD7A /* TicTacToe */;
			targetProxy = 87429CD22588E862005BDD7A /* PBXContainerItemProxy */;
		};
/* End PBXTargetDependency section */

/* Begin PBXVariantGroup section */
		87429CB92588E85C005BDD7A /* Main.storyboard */ = {
			isa = PBXVariantGroup;
			children = (
				87429CBA2588E85C005BDD7A /* Base */,
			);
			name = Main.storyboard;
			sourceTree = "<group>";
		};
		87429CBE2588E861005BDD7A /* LaunchScreen.storyboard */ = {
			isa = PBXVariantGroup;
			children = (
				87429CBF2588E861005BDD7A /* Base */,
			);
			name = LaunchScreen.storyboard;
			sourceTree = "<group>";
		};
/* End PBXVariantGroup section */

/* Begin XCBuildConfiguration section */
		87429CD82588E862005BDD7A /* Debug */ = {
			isa = XCBuildConfiguration;
			buildSettings = {
				ALWAYS_SEARCH_USER_PATHS = NO;
				CLANG_ANALYZER_NONNULL = YES;
				CLANG_ANALYZER_NUMBER_OBJECT_CONVERSION = YES_AGGRESSIVE;
				CLANG_CXX_LANGUAGE_STANDARD = "gnu++14";
				CLANG_CXX_LIBRARY = "libc++";
				CLANG_ENABLE_MODULES = YES;
				CLANG_ENABLE_OBJC_ARC = YES;
				CLANG_ENABLE_OBJC_WEAK = YES;
				CLANG_WARN_BLOCK_CAPTURE_AUTORELEASING = YES;
				CLANG_WARN_BOOL_CONVERSION = YES;
				CLANG_WARN_COMMA = YES;
				CLANG_WARN_CONSTANT_CONVERSION = YES;
				CLANG_WARN_DEPRECATED_OBJC_IMPLEMENTATIONS = YES;
				CLANG_WARN_DIRECT_OBJC_ISA_USAGE = YES_ERROR;
				CLANG_WARN_DOCUMENTATION_COMMENTS = YES;
				CLANG_WARN_EMPTY_BODY = YES;
				CLANG_WARN_ENUM_CONVERSION = YES;
				CLANG_WARN_INFINITE_RECURSION = YES;
				CLANG_WARN_INT_CONVERSION = YES;
				CLANG_WARN_NON_LITERAL_NULL_CONVERSION = YES;
				CLANG_WARN_OBJC_IMPLICIT_RETAIN_SELF = YES;
				CLANG_WARN_OBJC_LITERAL_CONVERSION = YES;
				CLANG_WARN_OBJC_ROOT_CLASS = YES_ERROR;
				CLANG_WARN_QUOTED_INCLUDE_IN_FRAMEWORK_HEADER = YES;
				CLANG_WARN_RANGE_LOOP_ANALYSIS = YES;
				CLANG_WARN_STRICT_PROTOTYPES = YES;
				CLANG_WARN_SUSPICIOUS_MOVE = YES;
				CLANG_WARN_UNGUARDED_AVAILABILITY = YES_AGGRESSIVE;
				CLANG_WARN_UNREACHABLE_CODE = YES;
				CLANG_WARN__DUPLICATE_METHOD_MATCH = YES;
				COPY_PHASE_STRIP = NO;
				DEBUG_INFORMATION_FORMAT = dwarf;
				ENABLE_STRICT_OBJC_MSGSEND = YES;
				ENABLE_TESTABILITY = YES;
				GCC_C_LANGUAGE_STANDARD = gnu11;
				GCC_DYNAMIC_NO_PIC = NO;
				GCC_NO_COMMON_BLOCKS = YES;
				GCC_OPTIMIZATION_LEVEL = 0;
				GCC_PREPROCESSOR_DEFINITIONS = (
					"DEBUG=1",
					"$(inherited)",
				);
				GCC_WARN_64_TO_32_BIT_CONVERSION = YES;
				GCC_WARN_ABOUT_RETURN_TYPE = YES_ERROR;
				GCC_WARN_UNDECLARED_SELECTOR = YES;
				GCC_WARN_UNINITIALIZED_AUTOS = YES_AGGRESSIVE;
				GCC_WARN_UNUSED_FUNCTION = YES;
				GCC_WARN_UNUSED_VARIABLE = YES;
				IPHONEOS_DEPLOYMENT_TARGET = 14.2;
				MTL_ENABLE_DEBUG_INFO = INCLUDE_SOURCE;
				MTL_FAST_MATH = YES;
				ONLY_ACTIVE_ARCH = YES;
				SDKROOT = iphoneos;
				SWIFT_ACTIVE_COMPILATION_CONDITIONS = DEBUG;
				SWIFT_OPTIMIZATION_LEVEL = "-Onone";
			};
			name = Debug;
		};
		87429CD92588E862005BDD7A /* Release */ = {
			isa = XCBuildConfiguration;
			buildSettings = {
				ALWAYS_SEARCH_USER_PATHS = NO;
				CLANG_ANALYZER_NONNULL = YES;
				CLANG_ANALYZER_NUMBER_OBJECT_CONVERSION = YES_AGGRESSIVE;
				CLANG_CXX_LANGUAGE_STANDARD = "gnu++14";
				CLANG_CXX_LIBRARY = "libc++";
				CLANG_ENABLE_MODULES = YES;
				CLANG_ENABLE_OBJC_ARC = YES;
				CLANG_ENABLE_OBJC_WEAK = YES;
				CLANG_WARN_BLOCK_CAPTURE_AUTORELEASING = YES;
				CLANG_WARN_BOOL_CONVERSION = YES;
				CLANG_WARN_COMMA = YES;
				CLANG_WARN_CONSTANT_CONVERSION = YES;
				CLANG_WARN_DEPRECATED_OBJC_IMPLEMENTATIONS = YES;
				CLANG_WARN_DIRECT_OBJC_ISA_USAGE = YES_ERROR;
				CLANG_WARN_DOCUMENTATION_COMMENTS = YES;
				CLANG_WARN_EMPTY_BODY = YES;
				CLANG_WARN_ENUM_CONVERSION = YES;
				CLANG_WARN_INFINITE_RECURSION = YES;
				CLANG_WARN_INT_CONVERSION = YES;
				CLANG_WARN_NON_LITERAL_NULL_CONVERSION = YES;
				CLANG_WARN_OBJC_IMPLICIT_RETAIN_SELF = YES;
				CLANG_WARN_OBJC_LITERAL_CONVERSION = YES;
				CLANG_WARN_OBJC_ROOT_CLASS = YES_ERROR;
				CLANG_WARN_QUOTED_INCLUDE_IN_FRAMEWORK_HEADER = YES;
				CLANG_WARN_RANGE_LOOP_ANALYSIS = YES;
				CLANG_WARN_STRICT_PROTOTYPES = YES;
				CLANG_WARN_SUSPICIOUS_MOVE = YES;
				CLANG_WARN_UNGUARDED_AVAILABILITY = YES_AGGRESSIVE;
				CLANG_WARN_UNREACHABLE_CODE = YES;
				CLANG_WARN__DUPLICATE_METHOD_MATCH = YES;
				COPY_PHASE_STRIP = NO;
				DEBUG_INFORMATION_FORMAT = "dwarf-with-dsym";
				ENABLE_NS_ASSERTIONS = NO;
				ENABLE_STRICT_OBJC_MSGSEND = YES;
				GCC_C_LANGUAGE_STANDARD = gnu11;
				GCC_NO_COMMON_BLOCKS = YES;
				GCC_WARN_64_TO_32_BIT_CONVERSION = YES;
				GCC_WARN_ABOUT_RETURN_TYPE = YES_ERROR;
				GCC_WARN_UNDECLARED_SELECTOR = YES;
				GCC_WARN_UNINITIALIZED_AUTOS = YES_AGGRESSIVE;
				GCC_WARN_UNUSED_FUNCTION = YES;
				GCC_WARN_UNUSED_VARIABLE = YES;
				IPHONEOS_DEPLOYMENT_TARGET = 14.2;
				MTL_ENABLE_DEBUG_INFO = NO;
				MTL_FAST_MATH = YES;
				SDKROOT = iphoneos;
				SWIFT_COMPILATION_MODE = wholemodule;
				SWIFT_OPTIMIZATION_LEVEL = "-O";
				VALIDATE_PRODUCT = YES;
			};
			name = Release;
		};
		87429CDB2588E862005BDD7A /* Debug */ = {
			isa = XCBuildConfiguration;
			buildSettings = {
				ASSETCATALOG_COMPILER_APPICON_NAME = AppIcon;
				ASSETCATALOG_COMPILER_GLOBAL_ACCENT_COLOR_NAME = AccentColor;
				CODE_SIGN_STYLE = Automatic;
				DEVELOPMENT_TEAM = JC6AT8Q44G;
				INFOPLIST_FILE = TicTacToe/Info.plist;
				LD_RUNPATH_SEARCH_PATHS = (
					"$(inherited)",
					"@executable_path/Frameworks",
				);
				PRODUCT_BUNDLE_IDENTIFIER = com.exemple.TicTacToe;
				PRODUCT_NAME = "$(TARGET_NAME)";
				SWIFT_VERSION = 5.0;
				TARGETED_DEVICE_FAMILY = "1,2";
			};
			name = Debug;
		};
		87429CDC2588E862005BDD7A /* Release */ = {
			isa = XCBuildConfiguration;
			buildSettings = {
				ASSETCATALOG_COMPILER_APPICON_NAME = AppIcon;
				ASSETCATALOG_COMPILER_GLOBAL_ACCENT_COLOR_NAME = AccentColor;
				CODE_SIGN_STYLE = Automatic;
				DEVELOPMENT_TEAM = JC6AT8Q44G;
				INFOPLIST_FILE = TicTacToe/Info.plist;
				LD_RUNPATH_SEARCH_PATHS = (
					"$(inherited)",
					"@executable_path/Frameworks",
				);
				PRODUCT_BUNDLE_IDENTIFIER = com.exemple.TicTacToe;
				PRODUCT_NAME = "$(TARGET_NAME)";
				SWIFT_VERSION = 5.0;
				TARGETED_DEVICE_FAMILY = "1,2";
			};
			name = Release;
		};
		87429CDE2588E862005BDD7A /* Debug */ = {
			isa = XCBuildConfiguration;
			buildSettings = {
				ALWAYS_EMBED_SWIFT_STANDARD_LIBRARIES = YES;
				BUNDLE_LOADER = "$(TEST_HOST)";
				CODE_SIGN_STYLE = Automatic;
				DEVELOPMENT_TEAM = JC6AT8Q44G;
				INFOPLIST_FILE = TicTacToeTests/Info.plist;
				IPHONEOS_DEPLOYMENT_TARGET = 14.2;
				LD_RUNPATH_SEARCH_PATHS = (
					"$(inherited)",
					"@executable_path/Frameworks",
					"@loader_path/Frameworks",
				);
				PRODUCT_BUNDLE_IDENTIFIER = com.exemple.TicTacToeTests;
				PRODUCT_NAME = "$(TARGET_NAME)";
				SWIFT_VERSION = 5.0;
				TARGETED_DEVICE_FAMILY = "1,2";
				TEST_HOST = "$(BUILT_PRODUCTS_DIR)/TicTacToe.app/TicTacToe";
			};
			name = Debug;
		};
		87429CDF2588E862005BDD7A /* Release */ = {
			isa = XCBuildConfiguration;
			buildSettings = {
				ALWAYS_EMBED_SWIFT_STANDARD_LIBRARIES = YES;
				BUNDLE_LOADER = "$(TEST_HOST)";
				CODE_SIGN_STYLE = Automatic;
				DEVELOPMENT_TEAM = JC6AT8Q44G;
				INFOPLIST_FILE = TicTacToeTests/Info.plist;
				IPHONEOS_DEPLOYMENT_TARGET = 14.2;
				LD_RUNPATH_SEARCH_PATHS = (
					"$(inherited)",
					"@executable_path/Frameworks",
					"@loader_path/Frameworks",
				);
				PRODUCT_BUNDLE_IDENTIFIER = com.exemple.TicTacToeTests;
				PRODUCT_NAME = "$(TARGET_NAME)";
				SWIFT_VERSION = 5.0;
				TARGETED_DEVICE_FAMILY = "1,2";
				TEST_HOST = "$(BUILT_PRODUCTS_DIR)/TicTacToe.app/TicTacToe";
			};
			name = Release;
		};
		87429CE12588E862005BDD7A /* Debug */ = {
			isa = XCBuildConfiguration;
			buildSettings = {
				ALWAYS_EMBED_SWIFT_STANDARD_LIBRARIES = YES;
				CODE_SIGN_STYLE = Automatic;
				DEVELOPMENT_TEAM = JC6AT8Q44G;
				INFOPLIST_FILE = TicTacToeUITests/Info.plist;
				LD_RUNPATH_SEARCH_PATHS = (
					"$(inherited)",
					"@executable_path/Frameworks",
					"@loader_path/Frameworks",
				);
				PRODUCT_BUNDLE_IDENTIFIER = com.exemple.TicTacToeUITests;
				PRODUCT_NAME = "$(TARGET_NAME)";
				SWIFT_VERSION = 5.0;
				TARGETED_DEVICE_FAMILY = "1,2";
				TEST_TARGET_NAME = TicTacToe;
			};
			name = Debug;
		};
		87429CE22588E862005BDD7A /* Release */ = {
			isa = XCBuildConfiguration;
			buildSettings = {
				ALWAYS_EMBED_SWIFT_STANDARD_LIBRARIES = YES;
				CODE_SIGN_STYLE = Automatic;
				DEVELOPMENT_TEAM = JC6AT8Q44G;
				INFOPLIST_FILE = TicTacToeUITests/Info.plist;
				LD_RUNPATH_SEARCH_PATHS = (
					"$(inherited)",
					"@executable_path/Frameworks",
					"@loader_path/Frameworks",
				);
				PRODUCT_BUNDLE_IDENTIFIER = com.exemple.TicTacToeUITests;
				PRODUCT_NAME = "$(TARGET_NAME)";
				SWIFT_VERSION = 5.0;
				TARGETED_DEVICE_FAMILY = "1,2";
				TEST_TARGET_NAME = TicTacToe;
			};
			name = Release;
		};
/* End XCBuildConfiguration section */

/* Begin XCConfigurationList section */
		87429CAB2588E85B005BDD7A /* Build configuration list for PBXProject "TicTacToe" */ = {
			isa = XCConfigurationList;
			buildConfigurations = (
				87429CD82588E862005BDD7A /* Debug */,
				87429CD92588E862005BDD7A /* Release */,
			);
			defaultConfigurationIsVisible = 0;
			defaultConfigurationName = Release;
		};
		87429CDA2588E862005BDD7A /* Build configuration list for PBXNativeTarget "TicTacToe" */ = {
			isa = XCConfigurationList;
			buildConfigurations = (
				87429CDB2588E862005BDD7A /* Debug */,
				87429CDC2588E862005BDD7A /* Release */,
			);
			defaultConfigurationIsVisible = 0;
			defaultConfigurationName = Release;
		};
		87429CDD2588E862005BDD7A /* Build configuration list for PBXNativeTarget "TicTacToeTests" */ = {
			isa = XCConfigurationList;
			buildConfigurations = (
				87429CDE2588E862005BDD7A /* Debug */,
				87429CDF2588E862005BDD7A /* Release */,
			);
			defaultConfigurationIsVisible = 0;
			defaultConfigurationName = Release;
		};
		87429CE02588E862005BDD7A /* Build configuration list for PBXNativeTarget "TicTacToeUITests" */ = {
			isa = XCConfigurationList;
			buildConfigurations = (
				87429CE12588E862005BDD7A /* Debug */,
				87429CE22588E862005BDD7A /* Release */,
			);
			defaultConfigurationIsVisible = 0;
			defaultConfigurationName = Release;
		};
/* End XCConfigurationList section */
	};
	rootObject = 87429CA82588E85B005BDD7A /* Project object */;
}
